
Microsoft Visual Studio Solution File, Format Version 12.00
# Visual Studio Version 16
VisualStudioVersion = 16.0.32228.343
MinimumVisualStudioVersion = 10.0.40219.1
Project("{FAE04EC0-301F-11D3-BF4B-00C04F79EFBC}") = "BT3_61133631", "BT3_61133631\BT3_61133631.csproj", "{D6957962-DB06-4EAF-B22C-DAA17B30DCCA}"
EndProject
Global
	GlobalSection(SolutionConfigurationPlatforms) = preSolution
		Debug|Any CPU = Debug|Any CPU
		Release|Any CPU = Release|Any CPU
	EndGlobalSection
	GlobalSection(ProjectConfigurationPlatforms) = postSolution
		{D6957962-DB06-4EAF-B22C-DAA17B30DCCA}.Debug|Any CPU.ActiveCfg = Debug|Any CPU
		{D6957962-DB06-4EAF-B22C-DAA17B30DCCA}.Debug|Any CPU.Build.0 = Debug|Any CPU
		{D6957962-DB06-4EAF-B22C-DAA17B30DCCA}.Release|Any CPU.ActiveCfg = Release|Any CPU
		{D6957962-DB06-4EAF-B22C-DAA17B30DCCA}.Release|Any CPU.Build.0 = Release|Any CPU
	EndGlobalSection
	GlobalSection(SolutionProperties) = preSolution
		HideSolutionNode = FALSE
	EndGlobalSection
	GlobalSection(ExtensibilityGlobals) = postSolution
		SolutionGuid = {E1DFBEDC-0B1E-465D-A1DF-D883AB140864}
	EndGlobalSection
EndGlobal
