
Microsoft Visual Studio Solution File, Format Version 12.00
# Visual Studio Version 16
VisualStudioVersion = 16.0.32428.217
MinimumVisualStudioVersion = 10.0.40219.1
Project("{FAE04EC0-301F-11D3-BF4B-00C04F79EFBC}") = "BaiTap6_61133631", "BaiTap6_61133631\BaiTap6_61133631.csproj", "{71873CB8-04B6-4CF4-9AC6-B47FAB2EBE81}"
EndProject
Global
	GlobalSection(SolutionConfigurationPlatforms) = preSolution
		Debug|Any CPU = Debug|Any CPU
		Release|Any CPU = Release|Any CPU
	EndGlobalSection
	GlobalSection(ProjectConfigurationPlatforms) = postSolution
		{71873CB8-04B6-4CF4-9AC6-B47FAB2EBE81}.Debug|Any CPU.ActiveCfg = Debug|Any CPU
		{71873CB8-04B6-4CF4-9AC6-B47FAB2EBE81}.Debug|Any CPU.Build.0 = Debug|Any CPU
		{71873CB8-04B6-4CF4-9AC6-B47FAB2EBE81}.Release|Any CPU.ActiveCfg = Release|Any CPU
		{71873CB8-04B6-4CF4-9AC6-B47FAB2EBE81}.Release|Any CPU.Build.0 = Release|Any CPU
	EndGlobalSection
	GlobalSection(SolutionProperties) = preSolution
		HideSolutionNode = FALSE
	EndGlobalSection
	GlobalSection(ExtensibilityGlobals) = postSolution
		SolutionGuid = {33813240-B84D-44AA-966A-A29C96C49AEB}
	EndGlobalSection
EndGlobal
